lockfileVersion: '9.0'

settings:
  autoInstallPeers: true
  excludeLinksFromLockfile: false

importers:

  .:
    dependencies:
      '@napi-rs/canvas':
        specifier: 1.0.9
        version: 1.0.9
      '@netlify/blobs':
        specifier: 11.1.0
        version: 11.1.0
      pdfjs-dist:
        specifier: 5.7.284
        version: 5.7.284

packages:

  '@envelop/instrumentation@1.0.0':
    resolution: {integrity: sha512-cxgkB66RQB95H3X27jlnxCRNTmPuSTgmBAq6/4n2Dtv4hsk4yz8FadA1ggmd0uZzvKqWD6CR+WFgTjhDqg7eyw==}
    engines: {node: '>=18.0.0'}

  '@fastify/busboy@3.2.2':
    resolution: {integrity: sha512-yXSS27qPExaXeuLvMRMXOLtpipzfQYNjG3FkunDWKGfMYjKuhFXko9CVzqxm8jcF+lmtS9Fd89QNdh9XDjnbNg==}

  '@napi-rs/canvas-android-arm64@0.1.100':
    resolution: {integrity: sha512-hjhCKhntPv9+t4ckHymdx0phYNcVW+GKQR6Lzw2zE+pOVjOplSmtx9nNNknTjbEDLcuLZqA1y8ufKg1XfgftzQ==}
    engines: {node: '>= 10'}
    cpu: [arm64]
    os: [android]

  '@napi-rs/canvas-android-arm64@1.0.9':
    resolution: {integrity: sha512-4LGXk2/0HVzE29K8SzML5WubgCp++B1FH3qgl35XmSZE+lLdr6P9VRQEnZ0MCLZMTSuJP41yyhtoiVNEuvrTIA==}
    engines: {node: '>= 10'}
    cpu: [arm64]
    os: [android]

  '@napi-rs/canvas-darwin-arm64@0.1.100':
    resolution: {integrity: sha512-2PcswRaC7Ly645DGt88///zuFDhJxJYdKAs1uU3mfk1atYkXufgcgLfBpk6Tm12nCQBaNt1wpybuPZ4qOhTo8A==}
    engines: {node: '>= 10'}
    cpu: [arm64]
    os: [darwin]

  '@napi-rs/canvas-darwin-arm64@1.0.9':
    resolution: {integrity: sha512-YNdfLBzY0W/Pep9fo2L6RmoNlNksnn05LRnX66W63R3ij58S25QOTcjdtEt2v8+PnCESzqZsYzUo+QPeIR44NA==}
    engines: {node: '>= 10'}
    cpu: [arm64]
    os: [darwin]

  '@napi-rs/canvas-darwin-x64@0.1.100':
    resolution: {integrity: sha512-ePNZtj7pNIva/siZMg+HmbeozkIjqUIYdoymH8HaA3qK7LfzFN4WMBM8G6HQ9ZC+H3+Dnn5pqtiXpgLykaPOhw==}
    engines: {node: '>= 10'}
    cpu: [x64]
    os: [darwin]

  '@napi-rs/canvas-darwin-x64@1.0.9':
    resolution: {integrity: sha512-ceZQSknTEcy3dOXoekv59LTCkXjvnLsq+VW5PeNNDHEPQbRS5Ervkm1EaDa7WLAjiYWMLuSQTRTHao1dEX4prg==}
    engines: {node: '>= 10'}
    cpu: [x64]
    os: [darwin]

  '@napi-rs/canvas-linux-arm-gnueabihf@0.1.100':
    resolution: {integrity: sha512-d5cDB48oWFGU8/XPhUOFAlySgb/VAu7D+s8fi55K1Pcfg8aPplHWqMgibhVLU8ky7Pyg/fuiVLz4Nf3JrSTuUA==}
    engines: {node: '>= 10'}
    cpu: [arm]
    os: [linux]

  '@napi-rs/canvas-linux-arm-gnueabihf@1.0.9':
    resolution: {integrity: sha512-XhfI0Wwv4llhd6nnWDtY3kQKjq0r+y1i91PlJlJI24ag2U9WrnwbG1qS3+fDLEyouwEVFchiKkTEHozK+5iUNA==}
    engines: {node: '>= 10'}
    cpu: [arm]
    os: [linux]

  '@napi-rs/canvas-linux-arm64-gnu@0.1.100':
    resolution: {integrity: sha512-rDxgxRu69RvDlX/bh9o22DxLsGr8EqsNgotL9+RwQE1S0b0cqeatqsw6aW45mukm0B42DIAaAacKaYQ8cqS1nw==}
    engines: {node: '>= 10'}
    cpu: [arm64]
    os: [linux]
    libc: [glibc]

  '@napi-rs/canvas-linux-arm64-gnu@1.0.9':
    resolution: {integrity: sha512-012oiYtKaE7i9oxc8q7nraT7kDOpLcaCmFLzVe9Ty34RHDdoDzbWLrVh827CNxYh/EADX1eSikA3ymLjo/nNuw==}
    engines: {node: '>= 10'}
    cpu: [arm64]
    os: [linux]
    libc: [glibc]

  '@napi-rs/canvas-linux-arm64-musl@0.1.100':
    resolution: {integrity: sha512-K3mDW66N+xT2/V439u1alFANiBUjdEx2gLiNYnCmUsva5jZMxWTjafBYwTzYK+EMFMHrUoabuU+T1BIP5CgbYQ==}
    engines: {node: '>= 10'}
    cpu: [arm64]
    os: [linux]
    libc: [musl]

  '@napi-rs/canvas-linux-arm64-musl@1.0.9':
    resolution: {integrity: sha512-Ls5UWYFFn63casTZEczbeyEg3vRDRkv9lscuGwfchtY5yLLQhgOB8SN4YGxmfJ5vTaBwZ2YUxBS3NtmjJmFXdA==}
    engines: {node: '>= 10'}
    cpu: [arm64]
    os: [linux]
    libc: [musl]

  '@napi-rs/canvas-linux-riscv64-gnu@0.1.100':
    resolution: {integrity: sha512-mooqUBTIsccZpnoQC4NgrC1v6C1vof39etLNMnBwCY+p0gajWJvAHLGQ6g/gGyS5YrpDW+GefSN4+Cvcr08UWw==}
    engines: {node: '>= 10'}
    cpu: [riscv64]
    os: [linux]
    libc: [glibc]

  '@napi-rs/canvas-linux-riscv64-gnu@1.0.9':
    resolution: {integrity: sha512-hLKEGxV7ZiRHqndePTokgDMdBlo/rDfzg7P4p4QIv9pUhuYobnu3R2NIFLCRghG0nwfo+s2sw+c1xZFeCmEAsw==}
    engines: {node: '>= 10'}
    cpu: [riscv64]
    os: [linux]
    libc: [glibc]

  '@napi-rs/canvas-linux-x64-gnu@0.1.100':
    resolution: {integrity: sha512-1eCvkDCazm7FFhsT7DfGOdSaHgZVK3bt/dSBl5EWHOWmnz+I7j8tPseJqqD81NF+MH21jKUK4wQSDjN0mdhnTg==}
    engines: {node: '>= 10'}
    cpu: [x64]
    os: [linux]
    libc: [glibc]

  '@napi-rs/canvas-linux-x64-gnu@1.0.9':
    resolution: {integrity: sha512-6kaz3w0QMy77PDWk6rJ1ksIihdad3qzEyX2o2oGT8GwCaypfT5mhjr8buOO5hstyLxcWXDScuz56RsINLtBPIQ==}
    engines: {node: '>= 10'}
    cpu: [x64]
    os: [linux]
    libc: [glibc]

  '@napi-rs/canvas-linux-x64-musl@0.1.100':
    resolution: {integrity: sha512-20arT6lnI19S68qNlii73TSEDbECNgzMz2EpldC1V3mZFuRkeujXkcebRk0LRJe9SEUAooYiLokfMViY8IX7yA==}
    engines: {node: '>= 10'}
    cpu: [x64]
    os: [linux]
    libc: [musl]

  '@napi-rs/canvas-linux-x64-musl@1.0.9':
    resolution: {integrity: sha512-xrGvmS3v55hmZ86ls/kBLVNMUTYio3f6Ik0DireemG994VfPAwiA3ZXA0Uf1bByctkB3NQ1Sfb+H5bkdUnnzfQ==}
    engines: {node: '>= 10'}
    cpu: [x64]
    os: [linux]
    libc: [musl]

  '@napi-rs/canvas-win32-arm64-msvc@0.1.100':
    resolution: {integrity: sha512-DZFFT1wIAg37LJw37yhMRFfjATd3vTQzjZ1Yki8u2vhO6Hi5VE6BVaGQ1aaDu7xb4iMErz+9EOwjpS7xcxFeBw==}
    engines: {node: '>= 10'}
    cpu: [arm64]
    os: [win32]

  '@napi-rs/canvas-win32-arm64-msvc@1.0.9':
    resolution: {integrity: sha512-yjmVS3ArZeRVCP7jqbPq4rpZa/BhTeI7ELE2XqJg3snICQBDevLZyArxswHkiTnT34KRic33/4fLirrHI+SY8A==}
    engines: {node: '>= 10'}
    cpu: [arm64]
    os: [win32]

  '@napi-rs/canvas-win32-x64-msvc@0.1.100':
    resolution: {integrity: sha512-MyT1j3mHC2+Lu4pBi9mKyMJhtP6U7k7EldY7sj/uS5gJA65gTXt8MefJQXLJo5d/vZbuWmfxzkEUNc/urV3pHA==}
    engines: {node: '>= 10'}
    cpu: [x64]
    os: [win32]

  '@napi-rs/canvas-win32-x64-msvc@1.0.9':
    resolution: {integrity: sha512-QlSYQdMQslB81nlABo9wNfQ6npFhE7/O+saCZdqVGueGanyRk4jCogD5EwQenfP3kIq9e+mm6GreQBjX5MrA8g==}
    engines: {node: '>= 10'}
    cpu: [x64]
    os: [win32]

  '@napi-rs/canvas@0.1.100':
    resolution: {integrity: sha512-xglYA6q3XO5P3BNJYxVZ1IV7DLVjp1Py6nwag88YntrS+3vKHyYcMqXVS4ZztJmwz2uGvz1FWhI/4LgbR5uQDA==}
    engines: {node: '>= 10'}

  '@napi-rs/canvas@1.0.9':
    resolution: {integrity: sha512-QviPdJImDi/jMAvBfqaw+19BndMd/sizXVW3NnpMd3VJGz++QXkOHcP9kWR/smHG0hNjHeyuHFyrx/5lD0oNcQ==}
    engines: {node: '>= 10'}

  '@netlify/blobs@11.1.0':
    resolution: {integrity: sha512-CGb+UsFLywJA22bxcdsTmla25w/AK72sVxj+KUkjees2zw717KUBmm3miTFkDA05vZi1MbnCBIxiU0cEwbWg8w==}
    engines: {node: '>=22.12.0'}

  '@netlify/dev-utils@6.0.1':
    resolution: {integrity: sha512-q5g70dO3q/M/XTBQz7uIECJxVlJoS8UBlzpjf22DV6q61UzXa8EONTPXPmvisrFcUi1I3AUKplPcHGQYZZj+Vw==}
    engines: {node: '>=22.12.0'}

  '@netlify/otel@7.0.2':
    resolution: {integrity: sha512-MHEsRJTZtOCrLa2fR+Y3GN51rvgxUHazuRVxuWuG7R1qzwynXAZB20Ufwp7BxKSTKcp7LNVEnKAZ/k2ytVmYvQ==}
    engines: {node: '>=22.12.0'}

  '@netlify/runtime-utils@3.0.0':
    resolution: {integrity: sha512-OHo40+V3QZkR+UrDjqhN+LekrAby/dSSJxsvyYs9i88E/mSl3goB/ysoL+VYROm190egxmQyRYlHK7vL4GeHBQ==}
    engines: {node: '>=22.12.0'}

  '@opentelemetry/api-logs@0.221.0':
    resolution: {integrity: sha512-OlanaW1vv7ufTqQ3/fPLI4arGt5ZoM+P8abOMki6uEYnpRazepSWDwDnnw+la7kE26SHVC18//SMccrDvLKOXQ==}
    engines: {node: '>=8.0.0'}

  '@opentelemetry/api@1.9.1':
    resolution: {integrity: sha512-gLyJlPHPZYdAk1JENA9LeHejZe1Ti77/pTeFm/nMXmQH/HFZlcS/O2XJB+L8fkbrNSqhdtlvjBVjxwUYanNH5Q==}
    engines: {node: '>=8.0.0'}

  '@opentelemetry/context-async-hooks@2.10.0':
    resolution: {integrity: sha512-bvyMcgLEkozzSzpEEEo1OMoeQ97bxj6Qs2uN3mPrSdDvObMI1myffD/BPqcLlzZO9//d1SqQA/WPw7Cz2AiqhA==}
    engines: {node: ^18.19.0 || >=20.6.0}
    peerDependencies:
      '@opentelemetry/api': '>=1.0.0 <1.10.0'

  '@opentelemetry/core@2.10.0':
    resolution: {integrity: sha512-/wNZ8twnEQQA4HoHu22+vcsdru6pWPWxW+7w+FlxT6Id7PE/WIbZmVKkte+PF72e0F2dnImFeHD2syyE1Mw6MQ==}
    engines: {node: ^18.19.0 || >=20.6.0}
    peerDependencies:
      '@opentelemetry/api': '>=1.0.0 <1.10.0'

  '@opentelemetry/instrumentation@0.221.0':
    resolution: {integrity: sha512-cCk80Z/iRDf/5gfsKMB4f74LqVA5yKETB/9ojPzVW/6/f70iu89nJvGxsFCxx4XfSohaOofkU19kiYm84AiAlw==}
    engines: {node: ^18.19.0 || >=20.6.0}
    peerDependencies:
      '@opentelemetry/api': ^1.3.0

  '@opentelemetry/resources@2.10.0':
    resolution: {integrity: sha512-q6MMm2zhggzsHVNbabYwut+a6nbuQQe3URUoxaojM/8K1IBfwwPzvxIjNi2/lI1TFe+fMHMW9MWhrtDLEXEnkA==}
    engines: {node: ^18.19.0 || >=20.6.0}
    peerDependencies:
      '@opentelemetry/api': '>=1.3.0 <1.10.0'

  '@opentelemetry/sdk-trace-base@2.10.0':
    resolution: {integrity: sha512-GuYQQT7QD2EeO8lcZLRQzcbOyhqAzL+6WWTKTU9mSUBYBazkEDl+VrQcXQhbB08OWM9anD1aHleVadzulpOaUQ==}
    engines: {node: ^18.19.0 || >=20.6.0}
    peerDependencies:
      '@opentelemetry/api': '>=1.3.0 <1.10.0'

  '@opentelemetry/sdk-trace-node@2.10.0':
    resolution: {integrity: sha512-GZK/G6oZyBLGlH1pUgeDch7D91KoHd2uotUGIkWCPi9GI5T9X0p4L7nNAMDR1BQjkRYoDqo+ddfVx9t5Uhys+Q==}
    engines: {node: ^18.19.0 || >=20.6.0}
    peerDependencies:
      '@opentelemetry/api': '>=1.0.0 <1.10.0'

  '@opentelemetry/sdk-trace@2.10.0':
    resolution: {integrity: sha512-MfQGq3GRmTh5fM/y+OjaO0vj6+luCB1XO2gfXCalKCfgKw0eHL++sm75DNweC6ohlp+aFvACqeE0fYayqdRaoQ==}
    engines: {node: ^18.19.0 || >=20.6.0}
    peerDependencies:
      '@opentelemetry/api': '>=1.3.0 <1.10.0'

  '@opentelemetry/semantic-conventions@1.43.0':
    resolution: {integrity: sha512-eSYWTm620tTk45EKSedaUL8MFYI8hW164hIXsgIHyxu3VobUB3fFCu5t0hQby6OoWRPsG1KkKUG2M5UadiLiVg==}
    engines: {node: '>=14'}

  '@whatwg-node/disposablestack@0.0.6':
    resolution: {integrity: sha512-LOtTn+JgJvX8WfBVJtF08TGrdjuFzGJc4mkP8EdDI8ADbvO7kiexYep1o8dwnt0okb0jYclCDXF13xU7Ge4zSw==}
    engines: {node: '>=18.0.0'}

  '@whatwg-node/fetch@0.10.13':
    resolution: {integrity: sha512-b4PhJ+zYj4357zwk4TTuF2nEe0vVtOrwdsrNo5hL+u1ojXNhh1FgJ6pg1jzDlwlT4oBdzfSwaBwMCtFCsIWg8Q==}
    engines: {node: '>=18.0.0'}

  '@whatwg-node/node-fetch@0.8.6':
    resolution: {integrity: sha512-BDMdYFcerLQkwA2RTldxOqRCs6ZQD1S7UgP3pUdGUkcbgTrP/V5ko77ZkCww9DHmC4lpoYuwigGfQYj285gMvA==}
    engines: {node: '>=18.0.0'}

  '@whatwg-node/promise-helpers@1.3.2':
    resolution: {integrity: sha512-Nst5JdK47VIl9UcGwtv2Rcgyn5lWtZ0/mhRQ4G8NN2isxpq2TO30iqHzmwoJycjWuyUfg3GFXqP/gFHXeV57IA==}
    engines: {node: '>=16.0.0'}

  '@whatwg-node/server@0.11.0':
    resolution: {integrity: sha512-VSdkwnJRr8Yv9UgB2aXB3VUPWwd6Oqnn0hycFwhg9pZgWxJXb7JmhsiXe9tmpMwjHFxli12PGcz9aI63YYloGQ==}
    engines: {node: '>=18.0.0'}

  ansis@4.4.0:
    resolution: {integrity: sha512-9k3v7xcHwgdO/DruxGIg4HtjvlAZlcnsX/mzqUb1t3NkYnl9kK2UJ+Gq0io+vQf7iT//BD/HB/NBkUR1LWxoeA==}
    engines: {node: '>=14'}

  atomically@2.1.1:
    resolution: {integrity: sha512-P4w9o2dqARji6P7MHprklbfiArZAWvo07yW7qs3pdljb3BWr12FIB7W+p0zJiuiVsUpRO0iZn1kFFcpPegg0tQ==}

  callsite@1.0.0:
    resolution: {integrity: sha512-0vdNRFXn5q+dtOqjfFtmtlI9N2eVZ7LMyEV2iKC5mEEFvSg/69Ml6b/WU2qF8W1nLRa0wiSrDT3Y5jOHZCwKPQ==}

  chokidar@5.0.0:
    resolution: {integrity: sha512-TQMmc3w+5AxjpL8iIiwebF73dRDF4fBIieAqGn9RGCWaEVwQ6Fb2cGe31Yns0RRIzii5goJ1Y7xbMwo1TxMplw==}
    engines: {node: '>= 20.19.0'}

  cjs-module-lexer@2.2.1:
    resolution: {integrity: sha512-Ca8swihM+/4yKecYHY52kgJd300hi2lADU/a1RxNTRe+RJ9jvqQlESpbz9DnG9mowez8qwXHB8qYdIUw9e+F5Q==}

  debug@4.4.3:
    resolution: {integrity: sha512-RGwwWnwQvkVfavKVt22FGLw+xYSdzARwm0ru6DhTVA3umU5hZc28V3kO4stgYryrTlLpuvgI9GiijltAjNbcqA==}
    engines: {node: '>=6.0'}
    peerDependencies:
      supports-color: '*'
    peerDependenciesMeta:
      supports-color:
        optional: true

  decache@4.6.2:
    resolution: {integrity: sha512-2LPqkLeu8XWHU8qNCS3kcF6sCcb5zIzvWaAHYSvPfwhdd7mHuah29NssMzrTYyHN4F5oFy2ko9OBYxegtU0FEw==}

  dettle@1.0.5:
    resolution: {integrity: sha512-ZVyjhAJ7sCe1PNXEGveObOH9AC8QvMga3HJIghHawtG7mE4K5pW9nz/vDGAr/U7a3LWgdOzEE7ac9MURnyfaTA==}

  dot-prop@9.0.0:
    resolution: {integrity: sha512-1gxPBJpI/pcjQhKgIU91II6Wkay+dLcN3M6rf2uwP8hRur3HtQXjVrdAK3sjC0piaEuxzMwjXChcETiJl47lAQ==}
    engines: {node: '>=18'}

  empathic@2.0.1:
    resolution: {integrity: sha512-YGRs8knHhKHVShLkFET/rWAU8kmHbOV5LwN938RHI0pljAJ1Gf6SzXsSmRaEzcXTtOOmVqJ5+WtQPL5uigY50Q==}
    engines: {node: '>=14'}

  env-paths@3.0.0:
    resolution: {integrity: sha512-dtJUTepzMW3Lm/NPxRf3wP4642UWhjL2sQxc+ym2YMj1m/H2zDNQOlezafzkHwn6sMstjHTwG6iQQsctDW/b1A==}
    engines: {node: ^12.20.0 || ^14.13.1 || >=16.0.0}

  es-module-lexer@3.0.2:
    resolution: {integrity: sha512-BuIB67FngDSyQ/dpQNOZybwdEBDUGJQvOqwWr4ha/ufYiqzuEwPkKO2zLhRAgay28tStRIHUeWmszZAJo3GCOg==}

  import-in-the-middle@3.5.1:
    resolution: {integrity: sha512-mPKuL8bPQzecui2KK6Gb+M8JvJoHnhS1FeYGa22QopBmlevF5F0FE6ued/B5EgHDeIoMTONIpDWWFKUPOG0DBQ==}
    engines: {node: '>=18'}

  module-details-from-path@1.0.4:
    resolution: {integrity: sha512-EGWKgxALGMgzvxYF1UyGTy0HXX/2vHLkw6+NvDKW2jypWbHpjQuj4UMcqQWXHERJhVGKikolT06G3bcKe4fi7w==}

  ms@2.1.3:
    resolution: {integrity: sha512-6FlzubTLZG3J2a/NVCAleEhjzq5oxgHyaCU9yYXvcLsvoVaHJq/s5xXI6/XXP6tz7R9xAOtHnSO/tXtF3WRTlA==}

  parse-gitignore@2.0.0:
    resolution: {integrity: sha512-RmVuCHWsfu0QPNW+mraxh/xjQVw/lhUCUru8Zni3Ctq3AoMhpDTq0OVdKS6iesd6Kqb7viCV3isAL43dciOSog==}
    engines: {node: '>=14'}

  pdfjs-dist@5.7.284:
    resolution: {integrity: sha512-h4EdYQczmGhbOlqc3PPZwxevn7ApdWPbovAuWXOB/DjIyigSnwfy2oze7c6mRcSr9XgLp3eN3EeL4DyySTPMFw==}
    engines: {node: '>=22.13.0 || >=24'}

  readdirp@5.1.1:
    resolution: {integrity: sha512-Kko+Y5XQ6fM+Ce3dq3m9YGxnacYZYl9cA1wZjaF3Vbry2L3i1qVg8+CAgNPsXRArPMUMCaOR7oa9Nqntc43JKA==}
    engines: {node: '>= 20.19.0'}

  require-in-the-middle@8.0.1:
    resolution: {integrity: sha512-QT7FVMXfWOYFbeRBF6nu+I6tr2Tf3u0q8RIEjNob/heKY/nh7drD/k7eeMFmSQgnTtCzLDcCu/XEnpW2wk4xCQ==}
    engines: {node: '>=9.3.0 || >=8.10.0 <9.0.0'}

  semver@7.8.5:
    resolution: {integrity: sha512-Y7/KDsb8LjooZpwaqGyulO6DQlksgCncchHGk+sZIY4SBvUocMBEFH5Ur1fI4dV+Jvl0w6cjvucaIi40puRioA==}
    engines: {node: '>=10'}
    hasBin: true

  stubborn-fs@2.0.0:
    resolution: {integrity: sha512-Y0AvSwDw8y+nlSNFXMm2g6L51rBGdAQT20J3YSOqxC53Lo3bjWRtr2BKcfYoAf352WYpsZSTURrA0tqhfgudPA==}

  stubborn-utils@1.0.2:
    resolution: {integrity: sha512-zOh9jPYI+xrNOyisSelgym4tolKTJCQd5GBhK0+0xJvcYDcwlOoxF/rnFKQ2KRZknXSG9jWAp66fwP6AxN9STg==}

  tslib@2.8.1:
    resolution: {integrity: sha512-oJFu94HQb+KVduSUQL7wnpmqnfmLsOA/nAh6b6EH0wCEoK0/mPeXU6c3wKDV83MkOuHPRHtSXKKU99IBazS/2w==}

  type-fest@4.41.0:
    resolution: {integrity: sha512-TeTSQ6H5YHvpqVwBRcnLDCBnDOHWYu7IvGbHT6N8AOymcr9PJGjc1GTtiWZTYg0NCgYwvnYWEkVChQAr9bjfwA==}
    engines: {node: '>=16'}

  urlpattern-polyfill@10.1.0:
    resolution: {integrity: sha512-IGjKp/o0NL3Bso1PymYURCJxMPNAf/ILOpendP9f5B6e1rTJgdgiOvgfoT8VxCAdY+Wisb9uhGaJJf3yZ2V9nw==}

  when-exit@2.1.5:
    resolution: {integrity: sha512-VGkKJ564kzt6Ms1dbgPP/yuIoQCrsFAnRbptpC5wOEsDaNsbCB2bnfnaA8i/vRs5tjUSEOtIuvl9/MyVsvQZCg==}

snapshots:

  '@envelop/instrumentation@1.0.0':
    dependencies:
      '@whatwg-node/promise-helpers': 1.3.2
      tslib: 2.8.1

  '@fastify/busboy@3.2.2': {}

  '@napi-rs/canvas-android-arm64@0.1.100':
    optional: true

  '@napi-rs/canvas-android-arm64@1.0.9':
    optional: true

  '@napi-rs/canvas-darwin-arm64@0.1.100':
    optional: true

  '@napi-rs/canvas-darwin-arm64@1.0.9':
    optional: true

  '@napi-rs/canvas-darwin-x64@0.1.100':
    optional: true

  '@napi-rs/canvas-darwin-x64@1.0.9':
    optional: true

  '@napi-rs/canvas-linux-arm-gnueabihf@0.1.100':
    optional: true

  '@napi-rs/canvas-linux-arm-gnueabihf@1.0.9':
    optional: true

  '@napi-rs/canvas-linux-arm64-gnu@0.1.100':
    optional: true

  '@napi-rs/canvas-linux-arm64-gnu@1.0.9':
    optional: true

  '@napi-rs/canvas-linux-arm64-musl@0.1.100':
    optional: true

  '@napi-rs/canvas-linux-arm64-musl@1.0.9':
    optional: true

  '@napi-rs/canvas-linux-riscv64-gnu@0.1.100':
    optional: true

  '@napi-rs/canvas-linux-riscv64-gnu@1.0.9':
    optional: true

  '@napi-rs/canvas-linux-x64-gnu@0.1.100':
    optional: true

  '@napi-rs/canvas-linux-x64-gnu@1.0.9':
    optional: true

  '@napi-rs/canvas-linux-x64-musl@0.1.100':
    optional: true

  '@napi-rs/canvas-linux-x64-musl@1.0.9':
    optional: true

  '@napi-rs/canvas-win32-arm64-msvc@0.1.100':
    optional: true

  '@napi-rs/canvas-win32-arm64-msvc@1.0.9':
    optional: true

  '@napi-rs/canvas-win32-x64-msvc@0.1.100':
    optional: true

  '@napi-rs/canvas-win32-x64-msvc@1.0.9':
    optional: true

  '@napi-rs/canvas@0.1.100':
    optionalDependencies:
      '@napi-rs/canvas-android-arm64': 0.1.100
      '@napi-rs/canvas-darwin-arm64': 0.1.100
      '@napi-rs/canvas-darwin-x64': 0.1.100
      '@napi-rs/canvas-linux-arm-gnueabihf': 0.1.100
      '@napi-rs/canvas-linux-arm64-gnu': 0.1.100
      '@napi-rs/canvas-linux-arm64-musl': 0.1.100
      '@napi-rs/canvas-linux-riscv64-gnu': 0.1.100
      '@napi-rs/canvas-linux-x64-gnu': 0.1.100
      '@napi-rs/canvas-linux-x64-musl': 0.1.100
      '@napi-rs/canvas-win32-arm64-msvc': 0.1.100
      '@napi-rs/canvas-win32-x64-msvc': 0.1.100
    optional: true

  '@napi-rs/canvas@1.0.9':
    optionalDependencies:
      '@napi-rs/canvas-android-arm64': 1.0.9
      '@napi-rs/canvas-darwin-arm64': 1.0.9
      '@napi-rs/canvas-darwin-x64': 1.0.9
      '@napi-rs/canvas-linux-arm-gnueabihf': 1.0.9
      '@napi-rs/canvas-linux-arm64-gnu': 1.0.9
      '@napi-rs/canvas-linux-arm64-musl': 1.0.9
      '@napi-rs/canvas-linux-riscv64-gnu': 1.0.9
      '@napi-rs/canvas-linux-x64-gnu': 1.0.9
      '@napi-rs/canvas-linux-x64-musl': 1.0.9
      '@napi-rs/canvas-win32-arm64-msvc': 1.0.9
      '@napi-rs/canvas-win32-x64-msvc': 1.0.9

  '@netlify/blobs@11.1.0':
    dependencies:
      '@netlify/dev-utils': 6.0.1
      '@netlify/otel': 7.0.2
      '@netlify/runtime-utils': 3.0.0
    transitivePeerDependencies:
      - supports-color

  '@netlify/dev-utils@6.0.1':
    dependencies:
      '@whatwg-node/server': 0.11.0
      ansis: 4.4.0
      atomically: 2.1.1
      chokidar: 5.0.0
      decache: 4.6.2
      dettle: 1.0.5
      dot-prop: 9.0.0
      empathic: 2.0.1
      env-paths: 3.0.0
      parse-gitignore: 2.0.0
      semver: 7.8.5

  '@netlify/otel@7.0.2':
    dependencies:
      '@opentelemetry/api': 1.9.1
      '@opentelemetry/core': 2.10.0(@opentelemetry/api@1.9.1)
      '@opentelemetry/instrumentation': 0.221.0(@opentelemetry/api@1.9.1)
      '@opentelemetry/resources': 2.10.0(@opentelemetry/api@1.9.1)
      '@opentelemetry/sdk-trace-node': 2.10.0(@opentelemetry/api@1.9.1)
    transitivePeerDependencies:
      - supports-color

  '@netlify/runtime-utils@3.0.0': {}

  '@opentelemetry/api-logs@0.221.0':
    dependencies:
      '@opentelemetry/api': 1.9.1

  '@opentelemetry/api@1.9.1': {}

  '@opentelemetry/context-async-hooks@2.10.0(@opentelemetry/api@1.9.1)':
    dependencies:
      '@opentelemetry/api': 1.9.1

  '@opentelemetry/core@2.10.0(@opentelemetry/api@1.9.1)':
    dependencies:
      '@opentelemetry/api': 1.9.1
      '@opentelemetry/semantic-conventions': 1.43.0

  '@opentelemetry/instrumentation@0.221.0(@opentelemetry/api@1.9.1)':
    dependencies:
      '@opentelemetry/api': 1.9.1
      '@opentelemetry/api-logs': 0.221.0
      import-in-the-middle: 3.5.1
      require-in-the-middle: 8.0.1
    transitivePeerDependencies:
      - supports-color

  '@opentelemetry/resources@2.10.0(@opentelemetry/api@1.9.1)':
    dependencies:
      '@opentelemetry/api': 1.9.1
      '@opentelemetry/core': 2.10.0(@opentelemetry/api@1.9.1)
      '@opentelemetry/semantic-conventions': 1.43.0

  '@opentelemetry/sdk-trace-base@2.10.0(@opentelemetry/api@1.9.1)':
    dependencies:
      '@opentelemetry/api': 1.9.1
      '@opentelemetry/core': 2.10.0(@opentelemetry/api@1.9.1)
      '@opentelemetry/resources': 2.10.0(@opentelemetry/api@1.9.1)
      '@opentelemetry/sdk-trace': 2.10.0(@opentelemetry/api@1.9.1)
      '@opentelemetry/semantic-conventions': 1.43.0

  '@opentelemetry/sdk-trace-node@2.10.0(@opentelemetry/api@1.9.1)':
    dependencies:
      '@opentelemetry/api': 1.9.1
      '@opentelemetry/context-async-hooks': 2.10.0(@opentelemetry/api@1.9.1)
      '@opentelemetry/core': 2.10.0(@opentelemetry/api@1.9.1)
      '@opentelemetry/sdk-trace-base': 2.10.0(@opentelemetry/api@1.9.1)

  '@opentelemetry/sdk-trace@2.10.0(@opentelemetry/api@1.9.1)':
    dependencies:
      '@opentelemetry/api': 1.9.1
      '@opentelemetry/core': 2.10.0(@opentelemetry/api@1.9.1)
      '@opentelemetry/resources': 2.10.0(@opentelemetry/api@1.9.1)
      '@opentelemetry/semantic-conventions': 1.43.0

  '@opentelemetry/semantic-conventions@1.43.0': {}

  '@whatwg-node/disposablestack@0.0.6':
    dependencies:
      '@whatwg-node/promise-helpers': 1.3.2
      tslib: 2.8.1

  '@whatwg-node/fetch@0.10.13':
    dependencies:
      '@whatwg-node/node-fetch': 0.8.6
      urlpattern-polyfill: 10.1.0

  '@whatwg-node/node-fetch@0.8.6':
    dependencies:
      '@fastify/busboy': 3.2.2
      '@whatwg-node/disposablestack': 0.0.6
      '@whatwg-node/promise-helpers': 1.3.2
      tslib: 2.8.1

  '@whatwg-node/promise-helpers@1.3.2':
    dependencies:
      tslib: 2.8.1

  '@whatwg-node/server@0.11.0':
    dependencies:
      '@envelop/instrumentation': 1.0.0
      '@whatwg-node/disposablestack': 0.0.6
      '@whatwg-node/fetch': 0.10.13
      '@whatwg-node/promise-helpers': 1.3.2
      tslib: 2.8.1

  ansis@4.4.0: {}

  atomically@2.1.1:
    dependencies:
      stubborn-fs: 2.0.0
      when-exit: 2.1.5

  callsite@1.0.0: {}

  chokidar@5.0.0:
    dependencies:
      readdirp: 5.1.1

  cjs-module-lexer@2.2.1: {}

  debug@4.4.3:
    dependencies:
      ms: 2.1.3

  decache@4.6.2:
    dependencies:
      callsite: 1.0.0

  dettle@1.0.5: {}

  dot-prop@9.0.0:
    dependencies:
      type-fest: 4.41.0

  empathic@2.0.1: {}

  env-paths@3.0.0: {}

  es-module-lexer@3.0.2: {}

  import-in-the-middle@3.5.1:
    dependencies:
      cjs-module-lexer: 2.2.1
      es-module-lexer: 3.0.2
      module-details-from-path: 1.0.4

  module-details-from-path@1.0.4: {}

  ms@2.1.3: {}

  parse-gitignore@2.0.0: {}

  pdfjs-dist@5.7.284:
    optionalDependencies:
      '@napi-rs/canvas': 0.1.100

  readdirp@5.1.1: {}

  require-in-the-middle@8.0.1:
    dependencies:
      debug: 4.4.3
      module-details-from-path: 1.0.4
    transitivePeerDependencies:
      - supports-color

  semver@7.8.5: {}

  stubborn-fs@2.0.0:
    dependencies:
      stubborn-utils: 1.0.2

  stubborn-utils@1.0.2: {}

  tslib@2.8.1: {}

  type-fest@4.41.0: {}

  urlpattern-polyfill@10.1.0: {}

  when-exit@2.1.5: {}
